
Microsoft Visual Studio Solution File, Format Version 12.00
# Visual Studio 15
VisualStudioVersion = 15.0.27130.2027
MinimumVisualStudioVersion = 10.0.40219.1
Project("{FAE04EC0-301F-11D3-BF4B-00C04F79EFBC}") = "WCFPlusEchoService", "WCFPlusEchoService\WCFPlusEchoService.csproj", "{3582C8E0-FF99-44E9-A12C-856A24F267AB}"
EndProject
Project("{FAE04EC0-301F-11D3-BF4B-00C04F79EFBC}") = "EchoClient", "EchoClient\EchoClient.csproj", "{27ED7425-860F-4039-BBF9-EA7ACAA707E7}"
	ProjectSection(ProjectDependencies) = postProject
		{3582C8E0-FF99-44E9-A12C-856A24F267AB} = {3582C8E0-FF99-44E9-A12C-856A24F267AB}
	EndProjectSection
EndProject
Global
	GlobalSection(SolutionConfigurationPlatforms) = preSolution
		Debug|Any CPU = Debug|Any CPU
		Release|Any CPU = Release|Any CPU
	EndGlobalSection
	GlobalSection(ProjectConfigurationPlatforms) = postSolution
		{3582C8E0-FF99-44E9-A12C-856A24F267AB}.Debug|Any CPU.ActiveCfg = Debug|Any CPU
		{3582C8E0-FF99-44E9-A12C-856A24F267AB}.Debug|Any CPU.Build.0 = Debug|Any CPU
		{3582C8E0-FF99-44E9-A12C-856A24F267AB}.Release|Any CPU.ActiveCfg = Release|Any CPU
		{3582C8E0-FF99-44E9-A12C-856A24F267AB}.Release|Any CPU.Build.0 = Release|Any CPU
		{27ED7425-860F-4039-BBF9-EA7ACAA707E7}.Debug|Any CPU.ActiveCfg = Debug|Any CPU
		{27ED7425-860F-4039-BBF9-EA7ACAA707E7}.Debug|Any CPU.Build.0 = Debug|Any CPU
		{27ED7425-860F-4039-BBF9-EA7ACAA707E7}.Release|Any CPU.ActiveCfg = Release|Any CPU
		{27ED7425-860F-4039-BBF9-EA7ACAA707E7}.Release|Any CPU.Build.0 = Release|Any CPU
	EndGlobalSection
	GlobalSection(SolutionProperties) = preSolution
		HideSolutionNode = FALSE
	EndGlobalSection
	GlobalSection(ExtensibilityGlobals) = postSolution
		SolutionGuid = {F88EAFC0-1405-46A6-AC8B-088F921FDF4E}
	EndGlobalSection
EndGlobal
